{
  "name": "dsh-test-insight",
  "version": "1.0.0-rc.2",
  "lockfileVersion": 3,
  "requires": true,
  "packages": {
    "": {
      "name": "dsh-test-insight",
      "version": "1.0.0-rc.2",
      "dependencies": {
        "dsh-repo-scanner": "^0.1.1"
      },
      "bin": {
        "dsh-test-insight": "scripts/test-insight.mjs"
      },
      "engines": {
        "node": ">=20.11"
      },
      "peerDependencies": {
        "@deepseek-ai/dsh-skill-filesystem": "*"
      },
      "peerDependenciesMeta": {
        "@deepseek-ai/dsh-skill-filesystem": {
          "optional": true
        }
      }
    },
    "node_modules/dsh-repo-scanner": {
      "version": "0.1.1",
      "resolved": "https://registry.npmjs.org/dsh-repo-scanner/-/dsh-repo-scanner-0.1.1.tgz",
      "integrity": "sha512-S/O7RuJbuuXjXq7jDgK1ffB9uuRW3YdKHPl74db71RlTeInJWneIMpYnUfRI4p6FhygVZODSMCjvMzN/88Azhg==",
      "license": "MIT",
      "bin": {
        "dsh-repo-scanner": "bin/repo-scanner.mjs",
        "repo-scanner": "bin/repo-scanner.mjs"
      },
      "engines": {
        "node": ">=18"
      },
      "peerDependencies": {
        "@deepseek-ai/dsh-skill-filesystem": "*"
      },
      "peerDependenciesMeta": {
        "@deepseek-ai/dsh-skill-filesystem": {
          "optional": true
        }
      }
    }
  }
}
